{
  "nodes": {
    "nixpkgs": {
      "locked": {
        "lastModified": 1785067121,
        "narHash": "sha256-rdJdWxAcg5fnntU4DjPivPdVEN4F+VJavw+UWpEMeUI=",
        "owner": "NixOS",
        "repo": "nixpkgs",
        "rev": "329c3d2af6d1b618705150ea39f72c15eb4e613e",
        "type": "github"
      },
      "original": {
        "owner": "NixOS",
        "ref": "nixos-unstable",
        "repo": "nixpkgs",
        "type": "github"
      }
    },
    "root": {
      "inputs": {
        "nixpkgs": "nixpkgs",
        "workspace-explorer": "workspace-explorer"
      }
    },
    "workspace-explorer": {
      "inputs": {
        "nixpkgs": [
          "nixpkgs"
        ]
      },
      "locked": {
        "lastModified": 1785883810,
        "narHash": "sha256-/rsiezT477hfddlXChVnSIzVumm6OBzhBPofRnl8IRE=",
        "owner": "alsi-lawr",
        "repo": "dotnet-workspace-explorer",
        "rev": "f4828a2d54f4dca205ddad2993725e9608451504",
        "type": "github"
      },
      "original": {
        "owner": "alsi-lawr",
        "ref": "v0.3.0",
        "repo": "dotnet-workspace-explorer",
        "type": "github"
      }
    }
  },
  "root": "root",
  "version": 7
}
